// !$*UTF8*$!
{
	archiveVersion = 1;
	classes = {
	};
	objectVersion = 56;
	objects = {

/* Begin PBXBuildFile section */
		0E4F81D12A4EE71A00E0FFE4 /* RealityKitContent in Frameworks */ = {isa = PBXBuildFile; productRef = 0E4F81D02A4EE71A00E0FFE4 /* RealityKitContent */; };
		0E4F81D32A4EE71A00E0FFE4 /* IFSwithMemory3dApp.swift in Sources */ = {isa = PBXBuildFile; fileRef = 0E4F81D22A4EE71A00E0FFE4 /* IFSwithMemory3dApp.swift */; };
		0E4F81D52A4EE71A00E0FFE4 /* ContentView.swift in Sources */ = {isa = PBXBuildFile; fileRef = 0E4F81D42A4EE71A00E0FFE4 /* ContentView.swift */; };
		0E4F81D72A4EE71C00E0FFE4 /* Assets.xcassets in Resources */ = {isa = PBXBuildFile; fileRef = 0E4F81D62A4EE71C00E0FFE4 /* Assets.xcassets */; };
		0E4F81DA2A4EE71C00E0FFE4 /* Preview Assets.xcassets in Resources */ = {isa = PBXBuildFile; fileRef = 0E4F81D92A4EE71C00E0FFE4 /* Preview Assets.xcassets */; };
/* End PBXBuildFile section */

/* Begin PBXFileReference section */
		0E4F81CB2A4EE71A00E0FFE4 /* IFSwithMemory3d.app */ = {isa = PBXFileReference; explicitFileType = wrapper.application; includeInIndex = 0; path = IFSwithMemory3d.app; sourceTree = BUILT_PRODUCTS_DIR; };
		0E4F81CF2A4EE71A00E0FFE4 /* RealityKitContent */ = {isa = PBXFileReference; lastKnownFileType = wrapper; path = RealityKitContent; sourceTree = "<group>"; };
		0E4F81D22A4EE71A00E0FFE4 /* IFSwithMemory3dApp.swift */ = {isa = PBXFileReference; lastKnownFileType = sourcecode.swift; path = IFSwithMemory3dApp.swift; sourceTree = "<group>"; };
		0E4F81D42A4EE71A00E0FFE4 /* ContentView.swift */ = {isa = PBXFileReference; lastKnownFileType = sourcecode.swift; path = ContentView.swift; sourceTree = "<group>"; };
		0E4F81D62A4EE71C00E0FFE4 /* Assets.xcassets */ = {isa = PBXFileReference; lastKnownFileType = folder.assetcatalog; path = Assets.xcassets; sourceTree = "<group>"; };
		0E4F81D92A4EE71C00E0FFE4 /* Preview Assets.xcassets */ = {isa = PBXFileReference; lastKnownFileType = folder.assetcatalog; path = "Preview Assets.xcassets"; sourceTree = "<group>"; };
		0E4F81DB2A4EE71C00E0FFE4 /* Info.plist */ = {isa = PBXFileReference; lastKnownFileType = text.plist.xml; path = Info.plist; sourceTree = "<group>"; };
/* End PBXFileReference section */

/* Begin PBXFrameworksBuildPhase section */
		0E4F81C82A4EE71A00E0FFE4 /* Frameworks */ = {
			isa = PBXFrameworksBuildPhase;
			buildActionMask = 2147483647;
			files = (
				0E4F81D12A4EE71A00E0FFE4 /* RealityKitContent in Frameworks */,
			);
			runOnlyForDeploymentPostprocessing = 0;
		};
/* End PBXFrameworksBuildPhase section */

/* Begin PBXGroup section */
		0E4F81C22A4EE71A00E0FFE4 = {
			isa = PBXGroup;
			children = (
				0E4F81CD2A4EE71A00E0FFE4 /* IFSwithMemory3d */,
				0E4F81CE2A4EE71A00E0FFE4 /* Packages */,
				0E4F81CC2A4EE71A00E0FFE4 /* Products */,
			);
			sourceTree = "<group>";
		};
		0E4F81CC2A4EE71A00E0FFE4 /* Products */ = {
			isa = PBXGroup;
			children = (
				0E4F81CB2A4EE71A00E0FFE4 /* IFSwithMemory3d.app */,
			);
			name = Products;
			sourceTree = "<group>";
		};
		0E4F81CD2A4EE71A00E0FFE4 /* IFSwithMemory3d */ = {
			isa = PBXGroup;
			children = (
				0E4F81D22A4EE71A00E0FFE4 /* IFSwithMemory3dApp.swift */,
				0E4F81D42A4EE71A00E0FFE4 /* ContentView.swift */,
				0E4F81D62A4EE71C00E0FFE4 /* Assets.xcassets */,
				0E4F81DB2A4EE71C00E0FFE4 /* Info.plist */,
				0E4F81D82A4EE71C00E0FFE4 /* Preview Content */,
			);
			path = IFSwithMemory3d;
			sourceTree = "<group>";
		};
		0E4F81CE2A4EE71A00E0FFE4 /* Packages */ = {
			isa = PBXGroup;
			children = (
				0E4F81CF2A4EE71A00E0FFE4 /* RealityKitContent */,
			);
			path = Packages;
			sourceTree = "<group>";
		};
		0E4F81D82A4EE71C00E0FFE4 /* Preview Content */ = {
			isa = PBXGroup;
			children = (
				0E4F81D92A4EE71C00E0FFE4 /* Preview Assets.xcassets */,
			);
			path = "Preview Content";
			sourceTree = "<group>";
		};
/* End PBXGroup section */

/* Begin PBXNativeTarget section */
		0E4F81CA2A4EE71A00E0FFE4 /* IFSwithMemory3d */ = {
			isa = PBXNativeTarget;
			buildConfigurationList = 0E4F81DE2A4EE71C00E0FFE4 /* Build configuration list for PBXNativeTarget "IFSwithMemory3d" */;
			buildPhases = (
				0E4F81C72A4EE71A00E0FFE4 /* Sources */,
				0E4F81C82A4EE71A00E0FFE4 /* Frameworks */,
				0E4F81C92A4EE71A00E0FFE4 /* Resources */,
			);
			buildRules = (
			);
			dependencies = (
			);
			name = IFSwithMemory3d;
			packageProductDependencies = (
				0E4F81D02A4EE71A00E0FFE4 /* RealityKitContent */,
			);
			productName = IFSwithMemory3d;
			productReference = 0E4F81CB2A4EE71A00E0FFE4 /* IFSwithMemory3d.app */;
			productType = "com.apple.product-type.application";
		};
/* End PBXNativeTarget section */

/* Begin PBXProject section */
		0E4F81C32A4EE71A00E0FFE4 /* Project object */ = {
			isa = PBXProject;
			attributes = {
				BuildIndependentTargetsInParallel = 1;
				LastSwiftUpdateCheck = 1500;
				LastUpgradeCheck = 1500;
				TargetAttributes = {
					0E4F81CA2A4EE71A00E0FFE4 = {
						CreatedOnToolsVersion = 15.0;
					};
				};
			};
			buildConfigurationList = 0E4F81C62A4EE71A00E0FFE4 /* Build configuration list for PBXProject "IFSwithMemory3d" */;
			compatibilityVersion = "Xcode 14.0";
			developmentRegion = en;
			hasScannedForEncodings = 0;
			knownRegions = (
				en,
				Base,
			);
			mainGroup = 0E4F81C22A4EE71A00E0FFE4;
			productRefGroup = 0E4F81CC2A4EE71A00E0FFE4 /* Products */;
			projectDirPath = "";
			projectRoot = "";
			targets = (
				0E4F81CA2A4EE71A00E0FFE4 /* IFSwithMemory3d */,
			);
		};
/* End PBXProject section */

/* Begin PBXResourcesBuildPhase section */
		0E4F81C92A4EE71A00E0FFE4 /* Resources */ = {
			isa = PBXResourcesBuildPhase;
			buildActionMask = 2147483647;
			files = (
				0E4F81DA2A4EE71C00E0FFE4 /* Preview Assets.xcassets in Resources */,
				0E4F81D72A4EE71C00E0FFE4 /* Assets.xcassets in Resources */,
			);
			runOnlyForDeploymentPostprocessing = 0;
		};
/* End PBXResourcesBuildPhase section */

/* Begin PBXSourcesBuildPhase section */
		0E4F81C72A4EE71A00E0FFE4 /* Sources */ = {
			isa = PBXSourcesBuildPhase;
			buildActionMask = 2147483647;
			files = (
				0E4F81D52A4EE71A00E0FFE4 /* ContentView.swift in Sources */,
				0E4F81D32A4EE71A00E0FFE4 /* IFSwithMemory3dApp.swift in Sources */,
			);
			runOnlyForDeploymentPostprocessing = 0;
		};
/* End PBXSourcesBuildPhase section */

/* Begin XCBuildConfiguration section */
		0E4F81DC2A4EE71C00E0FFE4 /* Debug */ = {
			isa = XCBuildConfiguration;
			buildSettings = {
				ALWAYS_SEARCH_USER_PATHS = NO;
				ASSETCATALOG_COMPILER_GENERATE_SWIFT_ASSET_SYMBOL_EXTENSIONS = YES;
				CLANG_ANALYZER_NONNULL = YES;
				CLANG_ANALYZER_NUMBER_OBJECT_CONVERSION = YES_AGGRESSIVE;
				CLANG_CXX_LANGUAGE_STANDARD = "gnu++20";
				CLANG_ENABLE_MODULES = YES;
				CLANG_ENABLE_OBJC_ARC = YES;
				CLANG_ENABLE_OBJC_WEAK = YES;
				CLANG_WARN_BLOCK_CAPTURE_AUTORELEASING = YES;
				CLANG_WARN_BOOL_CONVERSION = YES;
				CLANG_WARN_COMMA = YES;
				CLANG_WARN_CONSTANT_CONVERSION = YES;
				CLANG_WARN_DEPRECATED_OBJC_IMPLEMENTATIONS = YES;
				CLANG_WARN_DIRECT_OBJC_ISA_USAGE = YES_ERROR;
				CLANG_WARN_DOCUMENTATION_COMMENTS = YES;
				CLANG_WARN_EMPTY_BODY = YES;
				CLANG_WARN_ENUM_CONVERSION = YES;
				CLANG_WARN_INFINITE_RECURSION = YES;
				CLANG_WARN_INT_CONVERSION = YES;
				CLANG_WARN_NON_LITERAL_NULL_CONVERSION = YES;
				CLANG_WARN_OBJC_IMPLICIT_RETAIN_SELF = YES;
				CLANG_WARN_OBJC_LITERAL_CONVERSION = YES;
				CLANG_WARN_OBJC_ROOT_CLASS = YES_ERROR;
				CLANG_WARN_QUOTED_INCLUDE_IN_FRAMEWORK_HEADER = YES;
				CLANG_WARN_RANGE_LOOP_ANALYSIS = YES;
				CLANG_WARN_STRICT_PROTOTYPES = YES;
				CLANG_WARN_SUSPICIOUS_MOVE = YES;
				CLANG_WARN_UNGUARDED_AVAILABILITY = YES_AGGRESSIVE;
				CLANG_WARN_UNREACHABLE_CODE = YES;
				CLANG_WARN__DUPLICATE_METHOD_MATCH = YES;
				COPY_PHASE_STRIP = NO;
				DEBUG_INFORMATION_FORMAT = dwarf;
				ENABLE_STRICT_OBJC_MSGSEND = YES;
				ENABLE_TESTABILITY = YES;
				ENABLE_USER_SCRIPT_SANDBOXING = YES;
				GCC_C_LANGUAGE_STANDARD = gnu17;
				GCC_DYNAMIC_NO_PIC = NO;
				GCC_NO_COMMON_BLOCKS = YES;
				GCC_OPTIMIZATION_LEVEL = 0;
				GCC_PREPROCESSOR_DEFINITIONS = (
					"DEBUG=1",
					"$(inherited)",
				);
				GCC_WARN_64_TO_32_BIT_CONVERSION = YES;
				GCC_WARN_ABOUT_RETURN_TYPE = YES_ERROR;
				GCC_WARN_UNDECLARED_SELECTOR = YES;
				GCC_WARN_UNINITIALIZED_AUTOS = YES_AGGRESSIVE;
				GCC_WARN_UNUSED_FUNCTION = YES;
				GCC_WARN_UNUSED_VARIABLE = YES;
				LOCALIZATION_PREFERS_STRING_CATALOGS = YES;
				MTL_ENABLE_DEBUG_INFO = INCLUDE_SOURCE;
				MTL_FAST_MATH = YES;
				ONLY_ACTIVE_ARCH = YES;
				SDKROOT = xros;
				SWIFT_ACTIVE_COMPILATION_CONDITIONS = "DEBUG $(inherited)";
				SWIFT_OPTIMIZATION_LEVEL = "-Onone";
				XROS_DEPLOYMENT_TARGET = 1.0;
			};
			name = Debug;
		};
		0E4F81DD2A4EE71C00E0FFE4 /* Release */ = {
			isa = XCBuildConfiguration;
			buildSettings = {
				ALWAYS_SEARCH_USER_PATHS = NO;
				ASSETCATALOG_COMPILER_GENERATE_SWIFT_ASSET_SYMBOL_EXTENSIONS = YES;
				CLANG_ANALYZER_NONNULL = YES;
				CLANG_ANALYZER_NUMBER_OBJECT_CONVERSION = YES_AGGRESSIVE;
				CLANG_CXX_LANGUAGE_STANDARD = "gnu++20";
				CLANG_ENABLE_MODULES = YES;
				CLANG_ENABLE_OBJC_ARC = YES;
				CLANG_ENABLE_OBJC_WEAK = YES;
				CLANG_WARN_BLOCK_CAPTURE_AUTORELEASING = YES;
				CLANG_WARN_BOOL_CONVERSION = YES;
				CLANG_WARN_COMMA = YES;
				CLANG_WARN_CONSTANT_CONVERSION = YES;
				CLANG_WARN_DEPRECATED_OBJC_IMPLEMENTATIONS = YES;
				CLANG_WARN_DIRECT_OBJC_ISA_USAGE = YES_ERROR;
				CLANG_WARN_DOCUMENTATION_COMMENTS = YES;
				CLANG_WARN_EMPTY_BODY = YES;
				CLANG_WARN_ENUM_CONVERSION = YES;
				CLANG_WARN_INFINITE_RECURSION = YES;
				CLANG_WARN_INT_CONVERSION = YES;
				CLANG_WARN_NON_LITERAL_NULL_CONVERSION = YES;
				CLANG_WARN_OBJC_IMPLICIT_RETAIN_SELF = YES;
				CLANG_WARN_OBJC_LITERAL_CONVERSION = YES;
				CLANG_WARN_OBJC_ROOT_CLASS = YES_ERROR;
				CLANG_WARN_QUOTED_INCLUDE_IN_FRAMEWORK_HEADER = YES;
				CLANG_WARN_RANGE_LOOP_ANALYSIS = YES;
				CLANG_WARN_STRICT_PROTOTYPES = YES;
				CLANG_WARN_SUSPICIOUS_MOVE = YES;
				CLANG_WARN_UNGUARDED_AVAILABILITY = YES_AGGRESSIVE;
				CLANG_WARN_UNREACHABLE_CODE = YES;
				CLANG_WARN__DUPLICATE_METHOD_MATCH = YES;
				COPY_PHASE_STRIP = NO;
				DEBUG_INFORMATION_FORMAT = "dwarf-with-dsym";
				ENABLE_NS_ASSERTIONS = NO;
				ENABLE_STRICT_OBJC_MSGSEND = YES;
				ENABLE_USER_SCRIPT_SANDBOXING = YES;
				GCC_C_LANGUAGE_STANDARD = gnu17;
				GCC_NO_COMMON_BLOCKS = YES;
				GCC_WARN_64_TO_32_BIT_CONVERSION = YES;
				GCC_WARN_ABOUT_RETURN_TYPE = YES_ERROR;
				GCC_WARN_UNDECLARED_SELECTOR = YES;
				GCC_WARN_UNINITIALIZED_AUTOS = YES_AGGRESSIVE;
				GCC_WARN_UNUSED_FUNCTION = YES;
				GCC_WARN_UNUSED_VARIABLE = YES;
				LOCALIZATION_PREFERS_STRING_CATALOGS = YES;
				MTL_ENABLE_DEBUG_INFO = NO;
				MTL_FAST_MATH = YES;
				SDKROOT = xros;
				SWIFT_COMPILATION_MODE = wholemodule;
				VALIDATE_PRODUCT = YES;
				XROS_DEPLOYMENT_TARGET = 1.0;
			};
			name = Release;
		};
		0E4F81DF2A4EE71C00E0FFE4 /* Debug */ = {
			isa = XCBuildConfiguration;
			buildSettings = {
				ASSETCATALOG_COMPILER_APPICON_NAME = AppIcon;
				ASSETCATALOG_COMPILER_GLOBAL_ACCENT_COLOR_NAME = AccentColor;
				CODE_SIGN_STYLE = Automatic;
				CURRENT_PROJECT_VERSION = 1;
				DEVELOPMENT_ASSET_PATHS = "\"IFSwithMemory3d/Preview Content\"";
				DEVELOPMENT_TEAM = WDW323S6ZP;
				ENABLE_PREVIEWS = YES;
				GENERATE_INFOPLIST_FILE = YES;
				INFOPLIST_FILE = IFSwithMemory3d/Info.plist;
				INFOPLIST_KEY_UIApplicationSceneManifest_Generation = YES;
				LD_RUNPATH_SEARCH_PATHS = (
					"$(inherited)",
					"@executable_path/Frameworks",
				);
				MARKETING_VERSION = 1.0;
				PRODUCT_BUNDLE_IDENTIFIER = fukugansai.IFSwithMemory3d;
				PRODUCT_NAME = "$(TARGET_NAME)";
				SUPPORTED_PLATFORMS = "xros xrsimulator";
				SWIFT_EMIT_LOC_STRINGS = YES;
				SWIFT_VERSION = 5.0;
				TARGETED_DEVICE_FAMILY = "1,2,7";
			};
			name = Debug;
		};
		0E4F81E02A4EE71C00E0FFE4 /* Release */ = {
			isa = XCBuildConfiguration;
			buildSettings = {
				ASSETCATALOG_COMPILER_APPICON_NAME = AppIcon;
				ASSETCATALOG_COMPILER_GLOBAL_ACCENT_COLOR_NAME = AccentColor;
				CODE_SIGN_STYLE = Automatic;
				CURRENT_PROJECT_VERSION = 1;
				DEVELOPMENT_ASSET_PATHS = "\"IFSwithMemory3d/Preview Content\"";
				DEVELOPMENT_TEAM = WDW323S6ZP;
				ENABLE_PREVIEWS = YES;
				GENERATE_INFOPLIST_FILE = YES;
				INFOPLIST_FILE = IFSwithMemory3d/Info.plist;
				INFOPLIST_KEY_UIApplicationSceneManifest_Generation = YES;
				LD_RUNPATH_SEARCH_PATHS = (
					"$(inherited)",
					"@executable_path/Frameworks",
				);
				MARKETING_VERSION = 1.0;
				PRODUCT_BUNDLE_IDENTIFIER = fukugansai.IFSwithMemory3d;
				PRODUCT_NAME = "$(TARGET_NAME)";
				SUPPORTED_PLATFORMS = "xros xrsimulator";
				SWIFT_EMIT_LOC_STRINGS = YES;
				SWIFT_VERSION = 5.0;
				TARGETED_DEVICE_FAMILY = "1,2,7";
			};
			name = Release;
		};
/* End XCBuildConfiguration section */

/* Begin XCConfigurationList section */
		0E4F81C62A4EE71A00E0FFE4 /* Build configuration list for PBXProject "IFSwithMemory3d" */ = {
			isa = XCConfigurationList;
			buildConfigurations = (
				0E4F81DC2A4EE71C00E0FFE4 /* Debug */,
				0E4F81DD2A4EE71C00E0FFE4 /* Release */,
			);
			defaultConfigurationIsVisible = 0;
			defaultConfigurationName = Release;
		};
		0E4F81DE2A4EE71C00E0FFE4 /* Build configuration list for PBXNativeTarget "IFSwithMemory3d" */ = {
			isa = XCConfigurationList;
			buildConfigurations = (
				0E4F81DF2A4EE71C00E0FFE4 /* Debug */,
				0E4F81E02A4EE71C00E0FFE4 /* Release */,
			);
			defaultConfigurationIsVisible = 0;
			defaultConfigurationName = Release;
		};
/* End XCConfigurationList section */

/* Begin XCSwiftPackageProductDependency section */
		0E4F81D02A4EE71A00E0FFE4 /* RealityKitContent */ = {
			isa = XCSwiftPackageProductDependency;
			productName = RealityKitContent;
		};
/* End XCSwiftPackageProductDependency section */
	};
	rootObject = 0E4F81C32A4EE71A00E0FFE4 /* Project object */;
}
